
Microsoft Visual Studio Solution File, Format Version 12.00
# Visual Studio Version 17
VisualStudioVersion = 17.2.32616.157
MinimumVisualStudioVersion = 10.0.40219.1
Project("{FAE04EC0-301F-11D3-BF4B-00C04F79EFBC}") = "BasicFor-LoopsLab", "BasicFor-LoopsLab\BasicFor-LoopsLab.csproj", "{0F7EFC7C-5A65-41BC-8759-D17C088AF11A}"
EndProject
Global
	GlobalSection(SolutionConfigurationPlatforms) = preSolution
		Debug|Any CPU = Debug|Any CPU
		Release|Any CPU = Release|Any CPU
	EndGlobalSection
	GlobalSection(ProjectConfigurationPlatforms) = postSolution
		{0F7EFC7C-5A65-41BC-8759-D17C088AF11A}.Debug|Any CPU.ActiveCfg = Debug|Any CPU
		{0F7EFC7C-5A65-41BC-8759-D17C088AF11A}.Debug|Any CPU.Build.0 = Debug|Any CPU
		{0F7EFC7C-5A65-41BC-8759-D17C088AF11A}.Release|Any CPU.ActiveCfg = Release|Any CPU
		{0F7EFC7C-5A65-41BC-8759-D17C088AF11A}.Release|Any CPU.Build.0 = Release|Any CPU
	EndGlobalSection
	GlobalSection(SolutionProperties) = preSolution
		HideSolutionNode = FALSE
	EndGlobalSection
	GlobalSection(ExtensibilityGlobals) = postSolution
		SolutionGuid = {445B6FC4-C523-47D8-824F-C4F8EB3F70BD}
	EndGlobalSection
EndGlobal
